
Microsoft Visual Studio Solution File, Format Version 12.00
# Visual Studio Version 17
VisualStudioVersion = 17.5.002.0
MinimumVisualStudioVersion = 10.0.40219.1
Project("{9A19103F-16F7-4668-BE54-9A1E7A4F7556}") = "MonolithMVC", "MonolithMVC.csproj", "{0E13AE0E-C3A9-460B-A399-7807E3759017}"
EndProject
Global
	GlobalSection(SolutionConfigurationPlatforms) = preSolution
		Debug|Any CPU = Debug|Any CPU
		Release|Any CPU = Release|Any CPU
	EndGlobalSection
	GlobalSection(ProjectConfigurationPlatforms) = postSolution
		{0E13AE0E-C3A9-460B-A399-7807E3759017}.Debug|Any CPU.ActiveCfg = Debug|Any CPU
		{0E13AE0E-C3A9-460B-A399-7807E3759017}.Debug|Any CPU.Build.0 = Debug|Any CPU
		{0E13AE0E-C3A9-460B-A399-7807E3759017}.Release|Any CPU.ActiveCfg = Release|Any CPU
		{0E13AE0E-C3A9-460B-A399-7807E3759017}.Release|Any CPU.Build.0 = Release|Any CPU
	EndGlobalSection
	GlobalSection(SolutionProperties) = preSolution
		HideSolutionNode = FALSE
	EndGlobalSection
	GlobalSection(ExtensibilityGlobals) = postSolution
		SolutionGuid = {C87AD686-7BB2-4D90-83FB-CF074E4662E2}
	EndGlobalSection
EndGlobal
